
Microsoft Visual Studio Solution File, Format Version 12.00
# Visual Studio Version 16
VisualStudioVersion = 16.0.32106.194
MinimumVisualStudioVersion = 10.0.40219.1
Project("{FAE04EC0-301F-11D3-BF4B-00C04F79EFBC}") = "DoorOS", "DoorOS\DoorOS.csproj", "{084CA9F8-BFD4-43A7-8ABA-FE906AA117FC}"
EndProject
Global
	GlobalSection(SolutionConfigurationPlatforms) = preSolution
		Debug|Any CPU = Debug|Any CPU
		Release|Any CPU = Release|Any CPU
	EndGlobalSection
	GlobalSection(ProjectConfigurationPlatforms) = postSolution
		{084CA9F8-BFD4-43A7-8ABA-FE906AA117FC}.Debug|Any CPU.ActiveCfg = Debug|Any CPU
		{084CA9F8-BFD4-43A7-8ABA-FE906AA117FC}.Debug|Any CPU.Build.0 = Debug|Any CPU
		{084CA9F8-BFD4-43A7-8ABA-FE906AA117FC}.Release|Any CPU.ActiveCfg = Release|Any CPU
		{084CA9F8-BFD4-43A7-8ABA-FE906AA117FC}.Release|Any CPU.Build.0 = Release|Any CPU
	EndGlobalSection
	GlobalSection(SolutionProperties) = preSolution
		HideSolutionNode = FALSE
	EndGlobalSection
	GlobalSection(ExtensibilityGlobals) = postSolution
		SolutionGuid = {6B54D137-70EE-400B-AD6F-52E0B4F4F289}
	EndGlobalSection
EndGlobal
